
Microsoft Visual Studio Solution File, Format Version 12.00
# Visual Studio 15
VisualStudioVersion = 15.0.27004.2002
MinimumVisualStudioVersion = 10.0.40219.1
Project("{FAE04EC0-301F-11D3-BF4B-00C04F79EFBC}") = "testLineBot", "testLineBot\testLineBot.csproj", "{A80F2B38-2D0D-4EA3-81F4-916480F3A81E}"
EndProject
Project("{FAE04EC0-301F-11D3-BF4B-00C04F79EFBC}") = "testWebSite", "testWebSite\testWebSite.csproj", "{19AFF412-C16C-4624-ABBA-CE349CB2EF81}"
EndProject
Project("{FAE04EC0-301F-11D3-BF4B-00C04F79EFBC}") = "AddTFSFeedback", "AddTFSFeedback\AddTFSFeedback.csproj", "{A8B2AE2C-DA94-4F83-9142-DD32C5F3B02A}"
EndProject
Project("{FAE04EC0-301F-11D3-BF4B-00C04F79EFBC}") = "demoAOP", "demoAOP\demoAOP.csproj", "{8FCC56D7-D259-4459-9840-922B86F845F4}"
EndProject
Global
	GlobalSection(SolutionConfigurationPlatforms) = preSolution
		Debug|Any CPU = Debug|Any CPU
		Release|Any CPU = Release|Any CPU
	EndGlobalSection
	GlobalSection(ProjectConfigurationPlatforms) = postSolution
		{A80F2B38-2D0D-4EA3-81F4-916480F3A81E}.Debug|Any CPU.ActiveCfg = Debug|Any CPU
		{A80F2B38-2D0D-4EA3-81F4-916480F3A81E}.Debug|Any CPU.Build.0 = Debug|Any CPU
		{A80F2B38-2D0D-4EA3-81F4-916480F3A81E}.Release|Any CPU.ActiveCfg = Release|Any CPU
		{A80F2B38-2D0D-4EA3-81F4-916480F3A81E}.Release|Any CPU.Build.0 = Release|Any CPU
		{19AFF412-C16C-4624-ABBA-CE349CB2EF81}.Debug|Any CPU.ActiveCfg = Debug|Any CPU
		{19AFF412-C16C-4624-ABBA-CE349CB2EF81}.Debug|Any CPU.Build.0 = Debug|Any CPU
		{19AFF412-C16C-4624-ABBA-CE349CB2EF81}.Release|Any CPU.ActiveCfg = Release|Any CPU
		{19AFF412-C16C-4624-ABBA-CE349CB2EF81}.Release|Any CPU.Build.0 = Release|Any CPU
		{A8B2AE2C-DA94-4F83-9142-DD32C5F3B02A}.Debug|Any CPU.ActiveCfg = Debug|Any CPU
		{A8B2AE2C-DA94-4F83-9142-DD32C5F3B02A}.Debug|Any CPU.Build.0 = Debug|Any CPU
		{A8B2AE2C-DA94-4F83-9142-DD32C5F3B02A}.Release|Any CPU.ActiveCfg = Release|Any CPU
		{A8B2AE2C-DA94-4F83-9142-DD32C5F3B02A}.Release|Any CPU.Build.0 = Release|Any CPU
		{8FCC56D7-D259-4459-9840-922B86F845F4}.Debug|Any CPU.ActiveCfg = Debug|Any CPU
		{8FCC56D7-D259-4459-9840-922B86F845F4}.Debug|Any CPU.Build.0 = Debug|Any CPU
		{8FCC56D7-D259-4459-9840-922B86F845F4}.Release|Any CPU.ActiveCfg = Release|Any CPU
		{8FCC56D7-D259-4459-9840-922B86F845F4}.Release|Any CPU.Build.0 = Release|Any CPU
	EndGlobalSection
	GlobalSection(SolutionProperties) = preSolution
		HideSolutionNode = FALSE
	EndGlobalSection
	GlobalSection(ExtensibilityGlobals) = postSolution
		SolutionGuid = {E1086F8B-5AC8-4CE1-8F9C-6EF0F039D6D0}
	EndGlobalSection
EndGlobal
